// !$*UTF8*$!
{
	archiveVersion = 1;
	classes = {
	};
	objectVersion = 46;
	objects = {

/* Begin PBXBuildFile section */
		6571F8ED1C77BC44006D349F /* AppDelegate.swift in Sources */ = {isa = PBXBuildFile; fileRef = 6571F8EC1C77BC44006D349F /* AppDelegate.swift */; };
		6571F8EF1C77BC44006D349F /* ViewController.swift in Sources */ = {isa = PBXBuildFile; fileRef = 6571F8EE1C77BC44006D349F /* ViewController.swift */; };
		6571F8F21C77BC44006D349F /* Main.storyboard in Resources */ = {isa = PBXBuildFile; fileRef = 6571F8F01C77BC44006D349F /* Main.storyboard */; };
		6571F8F51C77BC45006D349F /* TaskList.xcdatamodeld in Sources */ = {isa = PBXBuildFile; fileRef = 6571F8F31C77BC45006D349F /* TaskList.xcdatamodeld */; };
		6571F8F71C77BC45006D349F /* Assets.xcassets in Resources */ = {isa = PBXBuildFile; fileRef = 6571F8F61C77BC45006D349F /* Assets.xcassets */; };
		6571F8FA1C77BC45006D349F /* LaunchScreen.storyboard in Resources */ = {isa = PBXBuildFile; fileRef = 6571F8F81C77BC45006D349F /* LaunchScreen.storyboard */; };
/* End PBXBuildFile section */

/* Begin PBXFileReference section */
		6571F8E91C77BC44006D349F /* TaskList.app */ = {isa = PBXFileReference; explicitFileType = wrapper.application; includeInIndex = 0; path = TaskList.app; sourceTree = BUILT_PRODUCTS_DIR; };
		6571F8EC1C77BC44006D349F /* AppDelegate.swift */ = {isa = PBXFileReference; lastKnownFileType = sourcecode.swift; path = AppDelegate.swift; sourceTree = "<group>"; };
		6571F8EE1C77BC44006D349F /* ViewController.swift */ = {isa = PBXFileReference; lastKnownFileType = sourcecode.swift; path = ViewController.swift; sourceTree = "<group>"; };
		6571F8F11C77BC44006D349F /* Base */ = {isa = PBXFileReference; lastKnownFileType = file.storyboard; name = Base; path = Base.lproj/Main.storyboard; sourceTree = "<group>"; };
		6571F8F41C77BC45006D349F /* TaskList.xcdatamodel */ = {isa = PBXFileReference; lastKnownFileType = wrapper.xcdatamodel; path = TaskList.xcdatamodel; sourceTree = "<group>"; };
		6571F8F61C77BC45006D349F /* Assets.xcassets */ = {isa = PBXFileReference; lastKnownFileType = folder.assetcatalog; path = Assets.xcassets; sourceTree = "<group>"; };
		6571F8F91C77BC45006D349F /* Base */ = {isa = PBXFileReference; lastKnownFileType = file.storyboard; name = Base; path = Base.lproj/LaunchScreen.storyboard; sourceTree = "<group>"; };
		6571F8FB1C77BC45006D349F /* Info.plist */ = {isa = PBXFileReference; lastKnownFileType = text.plist.xml; path = Info.plist; sourceTree = "<group>"; };
/* End PBXFileReference section */

/* Begin PBXFrameworksBuildPhase section */
		6571F8E61C77BC44006D349F /* Frameworks */ = {
			isa = PBXFrameworksBuildPhase;
			buildActionMask = 2147483647;
			files = (
			);
			runOnlyForDeploymentPostprocessing = 0;
		};
/* End PBXFrameworksBuildPhase section */

/* Begin PBXGroup section */
		6571F8E01C77BC44006D349F = {
			isa = PBXGroup;
			children = (
				6571F8EB1C77BC44006D349F /* TaskList */,
				6571F8EA1C77BC44006D349F /* Products */,
			);
			sourceTree = "<group>";
		};
		6571F8EA1C77BC44006D349F /* Products */ = {
			isa = PBXGroup;
			children = (
				6571F8E91C77BC44006D349F /* TaskList.app */,
			);
			name = Products;
			sourceTree = "<group>";
		};
		6571F8EB1C77BC44006D349F /* TaskList */ = {
			isa = PBXGroup;
			children = (
				6571F8EC1C77BC44006D349F /* AppDelegate.swift */,
				6571F8EE1C77BC44006D349F /* ViewController.swift */,
				6571F8F01C77BC44006D349F /* Main.storyboard */,
				6571F8F61C77BC45006D349F /* Assets.xcassets */,
				6571F8F81C77BC45006D349F /* LaunchScreen.storyboard */,
				6571F8FB1C77BC45006D349F /* Info.plist */,
				6571F8F31C77BC45006D349F /* TaskList.xcdatamodeld */,
			);
			path = TaskList;
			sourceTree = "<group>";
		};
/* End PBXGroup section */

/* Begin PBXNativeTarget section */
		6571F8E81C77BC44006D349F /* TaskList */ = {
			isa = PBXNativeTarget;
			buildConfigurationList = 6571F8FE1C77BC45006D349F /* Build configuration list for PBXNativeTarget "TaskList" */;
			buildPhases = (
				6571F8E51C77BC44006D349F /* Sources */,
				6571F8E61C77BC44006D349F /* Frameworks */,
				6571F8E71C77BC44006D349F /* Resources */,
			);
			buildRules = (
			);
			dependencies = (
			);
			name = TaskList;
			productName = TaskList;
			productReference = 6571F8E91C77BC44006D349F /* TaskList.app */;
			productType = "com.apple.product-type.application";
		};
/* End PBXNativeTarget section */

/* Begin PBXProject section */
		6571F8E11C77BC44006D349F /* Project object */ = {
			isa = PBXProject;
			attributes = {
				LastSwiftUpdateCheck = 0720;
				LastUpgradeCheck = 0720;
				ORGANIZATIONNAME = "Speros Misirlakis";
				TargetAttributes = {
					6571F8E81C77BC44006D349F = {
						CreatedOnToolsVersion = 7.2.1;
					};
				};
			};
			buildConfigurationList = 6571F8E41C77BC44006D349F /* Build configuration list for PBXProject "TaskList" */;
			compatibilityVersion = "Xcode 3.2";
			developmentRegion = English;
			hasScannedForEncodings = 0;
			knownRegions = (
				en,
				Base,
			);
			mainGroup = 6571F8E01C77BC44006D349F;
			productRefGroup = 6571F8EA1C77BC44006D349F /* Products */;
			projectDirPath = "";
			projectRoot = "";
			targets = (
				6571F8E81C77BC44006D349F /* TaskList */,
			);
		};
/* End PBXProject section */

/* Begin PBXResourcesBuildPhase section */
		6571F8E71C77BC44006D349F /* Resources */ = {
			isa = PBXResourcesBuildPhase;
			buildActionMask = 2147483647;
			files = (
				6571F8FA1C77BC45006D349F /* LaunchScreen.storyboard in Resources */,
				6571F8F71C77BC45006D349F /* Assets.xcassets in Resources */,
				6571F8F21C77BC44006D349F /* Main.storyboard in Resources */,
			);
			runOnlyForDeploymentPostprocessing = 0;
		};
/* End PBXResourcesBuildPhase section */

/* Begin PBXSourcesBuildPhase section */
		6571F8E51C77BC44006D349F /* Sources */ = {
			isa = PBXSourcesBuildPhase;
			buildActionMask = 2147483647;
			files = (
				6571F8F51C77BC45006D349F /* TaskList.xcdatamodeld in Sources */,
				6571F8EF1C77BC44006D349F /* ViewController.swift in Sources */,
				6571F8ED1C77BC44006D349F /* AppDelegate.swift in Sources */,
			);
			runOnlyForDeploymentPostprocessing = 0;
		};
/* End PBXSourcesBuildPhase section */

/* Begin PBXVariantGroup section */
		6571F8F01C77BC44006D349F /* Main.storyboard */ = {
			isa = PBXVariantGroup;
			children = (
				6571F8F11C77BC44006D349F /* Base */,
			);
			name = Main.storyboard;
			sourceTree = "<group>";
		};
		6571F8F81C77BC45006D349F /* LaunchScreen.storyboard */ = {
			isa = PBXVariantGroup;
			children = (
				6571F8F91C77BC45006D349F /* Base */,
			);
			name = LaunchScreen.storyboard;
			sourceTree = "<group>";
		};
/* End PBXVariantGroup section */

/* Begin XCBuildConfiguration section */
		6571F8FC1C77BC45006D349F /* Debug */ = {
			isa = XCBuildConfiguration;
			buildSettings = {
				ALWAYS_SEARCH_USER_PATHS = NO;
				CLANG_CXX_LANGUAGE_STANDARD = "gnu++0x";
				CLANG_CXX_LIBRARY = "libc++";
				CLANG_ENABLE_MODULES = YES;
				CLANG_ENABLE_OBJC_ARC = YES;
				CLANG_WARN_BOOL_CONVERSION = YES;
				CLANG_WARN_CONSTANT_CONVERSION = YES;
				CLANG_WARN_DIRECT_OBJC_ISA_USAGE = YES_ERROR;
				CLANG_WARN_EMPTY_BODY = YES;
				CLANG_WARN_ENUM_CONVERSION = YES;
				CLANG_WARN_INT_CONVERSION = YES;
				CLANG_WARN_OBJC_ROOT_CLASS = YES_ERROR;
				CLANG_WARN_UNREACHABLE_CODE = YES;
				CLANG_WARN__DUPLICATE_METHOD_MATCH = YES;
				"CODE_SIGN_IDENTITY[sdk=iphoneos*]" = "iPhone Developer";
				COPY_PHASE_STRIP = NO;
				DEBUG_INFORMATION_FORMAT = dwarf;
				ENABLE_STRICT_OBJC_MSGSEND = YES;
				ENABLE_TESTABILITY = YES;
				GCC_C_LANGUAGE_STANDARD = gnu99;
				GCC_DYNAMIC_NO_PIC = NO;
				GCC_NO_COMMON_BLOCKS = YES;
				GCC_OPTIMIZATION_LEVEL = 0;
				GCC_PREPROCESSOR_DEFINITIONS = (
					"DEBUG=1",
					"$(inherited)",
				);
				GCC_WARN_64_TO_32_BIT_CONVERSION = YES;
				GCC_WARN_ABOUT_RETURN_TYPE = YES_ERROR;
				GCC_WARN_UNDECLARED_SELECTOR = YES;
				GCC_WARN_UNINITIALIZED_AUTOS = YES_AGGRESSIVE;
				GCC_WARN_UNUSED_FUNCTION = YES;
				GCC_WARN_UNUSED_VARIABLE = YES;
				IPHONEOS_DEPLOYMENT_TARGET = 9.2;
				MTL_ENABLE_DEBUG_INFO = YES;
				ONLY_ACTIVE_ARCH = YES;
				SDKROOT = iphoneos;
				SWIFT_OPTIMIZATION_LEVEL = "-Onone";
				TARGETED_DEVICE_FAMILY = "1,2";
			};
			name = Debug;
		};
		6571F8FD1C77BC45006D349F /* Release */ = {
			isa = XCBuildConfiguration;
			buildSettings = {
				ALWAYS_SEARCH_USER_PATHS = NO;
				CLANG_CXX_LANGUAGE_STANDARD = "gnu++0x";
				CLANG_CXX_LIBRARY = "libc++";
				CLANG_ENABLE_MODULES = YES;
				CLANG_ENABLE_OBJC_ARC = YES;
				CLANG_WARN_BOOL_CONVERSION = YES;
				CLANG_WARN_CONSTANT_CONVERSION = YES;
				CLANG_WARN_DIRECT_OBJC_ISA_USAGE = YES_ERROR;
				CLANG_WARN_EMPTY_BODY = YES;
				CLANG_WARN_ENUM_CONVERSION = YES;
				CLANG_WARN_INT_CONVERSION = YES;
				CLANG_WARN_OBJC_ROOT_CLASS = YES_ERROR;
				CLANG_WARN_UNREACHABLE_CODE = YES;
				CLANG_WARN__DUPLICATE_METHOD_MATCH = YES;
				"CODE_SIGN_IDENTITY[sdk=iphoneos*]" = "iPhone Developer";
				COPY_PHASE_STRIP = NO;
				DEBUG_INFORMATION_FORMAT = "dwarf-with-dsym";
				ENABLE_NS_ASSERTIONS = NO;
				ENABLE_STRICT_OBJC_MSGSEND = YES;
				GCC_C_LANGUAGE_STANDARD = gnu99;
				GCC_NO_COMMON_BLOCKS = YES;
				GCC_WARN_64_TO_32_BIT_CONVERSION = YES;
				GCC_WARN_ABOUT_RETURN_TYPE = YES_ERROR;
				GCC_WARN_UNDECLARED_SELECTOR = YES;
				GCC_WARN_UNINITIALIZED_AUTOS = YES_AGGRESSIVE;
				GCC_WARN_UNUSED_FUNCTION = YES;
				GCC_WARN_UNUSED_VARIABLE = YES;
				IPHONEOS_DEPLOYMENT_TARGET = 9.2;
				MTL_ENABLE_DEBUG_INFO = NO;
				SDKROOT = iphoneos;
				TARGETED_DEVICE_FAMILY = "1,2";
				VALIDATE_PRODUCT = YES;
			};
			name = Release;
		};
		6571F8FF1C77BC45006D349F /* Debug */ = {
			isa = XCBuildConfiguration;
			buildSettings = {
				ASSETCATALOG_COMPILER_APPICON_NAME = AppIcon;
				INFOPLIST_FILE = TaskList/Info.plist;
				LD_RUNPATH_SEARCH_PATHS = "$(inherited) @executable_path/Frameworks";
				PRODUCT_BUNDLE_IDENTIFIER = com.codingdojo.smisirlakis.TaskList;
				PRODUCT_NAME = "$(TARGET_NAME)";
			};
			name = Debug;
		};
		6571F9001C77BC45006D349F /* Release */ = {
			isa = XCBuildConfiguration;
			buildSettings = {
				ASSETCATALOG_COMPILER_APPICON_NAME = AppIcon;
				INFOPLIST_FILE = TaskList/Info.plist;
				LD_RUNPATH_SEARCH_PATHS = "$(inherited) @executable_path/Frameworks";
				PRODUCT_BUNDLE_IDENTIFIER = com.codingdojo.smisirlakis.TaskList;
				PRODUCT_NAME = "$(TARGET_NAME)";
			};
			name = Release;
		};
/* End XCBuildConfiguration section */

/* Begin XCConfigurationList section */
		6571F8E41C77BC44006D349F /* Build configuration list for PBXProject "TaskList" */ = {
			isa = XCConfigurationList;
			buildConfigurations = (
				6571F8FC1C77BC45006D349F /* Debug */,
				6571F8FD1C77BC45006D349F /* Release */,
			);
			defaultConfigurationIsVisible = 0;
			defaultConfigurationName = Release;
		};
		6571F8FE1C77BC45006D349F /* Build configuration list for PBXNativeTarget "TaskList" */ = {
			isa = XCConfigurationList;
			buildConfigurations = (
				6571F8FF1C77BC45006D349F /* Debug */,
				6571F9001C77BC45006D349F /* Release */,
			);
			defaultConfigurationIsVisible = 0;
		};
/* End XCConfigurationList section */

/* Begin XCVersionGroup section */
		6571F8F31C77BC45006D349F /* TaskList.xcdatamodeld */ = {
			isa = XCVersionGroup;
			children = (
				6571F8F41C77BC45006D349F /* TaskList.xcdatamodel */,
			);
			currentVersion = 6571F8F41C77BC45006D349F /* TaskList.xcdatamodel */;
			path = TaskList.xcdatamodeld;
			sourceTree = "<group>";
			versionGroupType = wrapper.xcdatamodel;
		};
/* End XCVersionGroup section */
	};
	rootObject = 6571F8E11C77BC44006D349F /* Project object */;
}
